
Microsoft Visual Studio Solution File, Format Version 12.00
# Visual Studio Version 16
VisualStudioVersion = 16.0.30011.22
MinimumVisualStudioVersion = 10.0.40219.1
Project("{9A19103F-16F7-4668-BE54-9A1E7A4F7556}") = "Asynchronous", "Asynchronous\Asynchronous.csproj", "{05418B58-82A5-4671-983F-2329513E4F2D}"
EndProject
Project("{9A19103F-16F7-4668-BE54-9A1E7A4F7556}") = "Serialization", "Serialization\Serialization.csproj", "{7C0AF181-02D1-4ACB-AB50-ABB2B751618F}"
EndProject
Project("{9A19103F-16F7-4668-BE54-9A1E7A4F7556}") = "RegularExpressions", "RegularExpressions\RegularExpressions.csproj", "{92A53A33-0CC1-47EF-9BFC-F0201F711CF2}"
EndProject
Project("{9A19103F-16F7-4668-BE54-9A1E7A4F7556}") = "RegularExpressions.Tests", "RegularExpressions.Tests\RegularExpressions.Tests.csproj", "{A6604B7E-D639-4349-BDEE-ADDD3B40CD0E}"
EndProject
Project("{9A19103F-16F7-4668-BE54-9A1E7A4F7556}") = "RefactoringWithLINQ", "RefactoringWithLINQ\RefactoringWithLINQ.csproj", "{24850B99-2F46-430A-80BE-D71D50F6A5CB}"
EndProject
Global
	GlobalSection(SolutionConfigurationPlatforms) = preSolution
		Debug|Any CPU = Debug|Any CPU
		Release|Any CPU = Release|Any CPU
	EndGlobalSection
	GlobalSection(ProjectConfigurationPlatforms) = postSolution
		{05418B58-82A5-4671-983F-2329513E4F2D}.Debug|Any CPU.ActiveCfg = Debug|Any CPU
		{05418B58-82A5-4671-983F-2329513E4F2D}.Debug|Any CPU.Build.0 = Debug|Any CPU
		{05418B58-82A5-4671-983F-2329513E4F2D}.Release|Any CPU.ActiveCfg = Release|Any CPU
		{05418B58-82A5-4671-983F-2329513E4F2D}.Release|Any CPU.Build.0 = Release|Any CPU
		{7C0AF181-02D1-4ACB-AB50-ABB2B751618F}.Debug|Any CPU.ActiveCfg = Debug|Any CPU
		{7C0AF181-02D1-4ACB-AB50-ABB2B751618F}.Debug|Any CPU.Build.0 = Debug|Any CPU
		{7C0AF181-02D1-4ACB-AB50-ABB2B751618F}.Release|Any CPU.ActiveCfg = Release|Any CPU
		{7C0AF181-02D1-4ACB-AB50-ABB2B751618F}.Release|Any CPU.Build.0 = Release|Any CPU
		{92A53A33-0CC1-47EF-9BFC-F0201F711CF2}.Debug|Any CPU.ActiveCfg = Debug|Any CPU
		{92A53A33-0CC1-47EF-9BFC-F0201F711CF2}.Debug|Any CPU.Build.0 = Debug|Any CPU
		{92A53A33-0CC1-47EF-9BFC-F0201F711CF2}.Release|Any CPU.ActiveCfg = Release|Any CPU
		{92A53A33-0CC1-47EF-9BFC-F0201F711CF2}.Release|Any CPU.Build.0 = Release|Any CPU
		{A6604B7E-D639-4349-BDEE-ADDD3B40CD0E}.Debug|Any CPU.ActiveCfg = Debug|Any CPU
		{A6604B7E-D639-4349-BDEE-ADDD3B40CD0E}.Debug|Any CPU.Build.0 = Debug|Any CPU
		{A6604B7E-D639-4349-BDEE-ADDD3B40CD0E}.Release|Any CPU.ActiveCfg = Release|Any CPU
		{A6604B7E-D639-4349-BDEE-ADDD3B40CD0E}.Release|Any CPU.Build.0 = Release|Any CPU
		{24850B99-2F46-430A-80BE-D71D50F6A5CB}.Debug|Any CPU.ActiveCfg = Debug|Any CPU
		{24850B99-2F46-430A-80BE-D71D50F6A5CB}.Debug|Any CPU.Build.0 = Debug|Any CPU
		{24850B99-2F46-430A-80BE-D71D50F6A5CB}.Release|Any CPU.ActiveCfg = Release|Any CPU
		{24850B99-2F46-430A-80BE-D71D50F6A5CB}.Release|Any CPU.Build.0 = Release|Any CPU
	EndGlobalSection
	GlobalSection(SolutionProperties) = preSolution
		HideSolutionNode = FALSE
	EndGlobalSection
	GlobalSection(ExtensibilityGlobals) = postSolution
		SolutionGuid = {A11B564B-4D2B-41BC-853A-81D38ED90493}
	EndGlobalSection
EndGlobal
