
Microsoft Visual Studio Solution File, Format Version 12.00
# Visual Studio Version 16
VisualStudioVersion = 16.0.30011.22
MinimumVisualStudioVersion = 10.0.40219.1
Project("{9A19103F-16F7-4668-BE54-9A1E7A4F7556}") = "Asynchronous", "Asynchronous\Asynchronous.csproj", "{0B965F9F-5737-4122-A5E7-385A44565481}"
EndProject
Project("{9A19103F-16F7-4668-BE54-9A1E7A4F7556}") = "Serialization", "Serialization\Serialization.csproj", "{1C0B62DA-AB96-4C66-B99F-AE5E3FCFB31C}"
EndProject
Project("{FAE04EC0-301F-11D3-BF4B-00C04F79EFBC}") = "RegularExpressions", "RegularExpressions\RegularExpressions.csproj", "{678B079E-C4E8-48FA-9BF3-3FAA53C29ACA}"
EndProject
Project("{FAE04EC0-301F-11D3-BF4B-00C04F79EFBC}") = "RegularExpressions.Tests", "RegularExpressions.Tests\RegularExpressions.Tests.csproj", "{7C913CD0-A8A7-4513-B305-4058A77B7051}"
EndProject
Global
	GlobalSection(SolutionConfigurationPlatforms) = preSolution
		Debug|Any CPU = Debug|Any CPU
		Release|Any CPU = Release|Any CPU
	EndGlobalSection
	GlobalSection(ProjectConfigurationPlatforms) = postSolution
		{0B965F9F-5737-4122-A5E7-385A44565481}.Debug|Any CPU.ActiveCfg = Debug|Any CPU
		{0B965F9F-5737-4122-A5E7-385A44565481}.Debug|Any CPU.Build.0 = Debug|Any CPU
		{0B965F9F-5737-4122-A5E7-385A44565481}.Release|Any CPU.ActiveCfg = Release|Any CPU
		{0B965F9F-5737-4122-A5E7-385A44565481}.Release|Any CPU.Build.0 = Release|Any CPU
		{1C0B62DA-AB96-4C66-B99F-AE5E3FCFB31C}.Debug|Any CPU.ActiveCfg = Debug|Any CPU
		{1C0B62DA-AB96-4C66-B99F-AE5E3FCFB31C}.Debug|Any CPU.Build.0 = Debug|Any CPU
		{1C0B62DA-AB96-4C66-B99F-AE5E3FCFB31C}.Release|Any CPU.ActiveCfg = Release|Any CPU
		{1C0B62DA-AB96-4C66-B99F-AE5E3FCFB31C}.Release|Any CPU.Build.0 = Release|Any CPU
		{678B079E-C4E8-48FA-9BF3-3FAA53C29ACA}.Debug|Any CPU.ActiveCfg = Debug|Any CPU
		{678B079E-C4E8-48FA-9BF3-3FAA53C29ACA}.Debug|Any CPU.Build.0 = Debug|Any CPU
		{678B079E-C4E8-48FA-9BF3-3FAA53C29ACA}.Release|Any CPU.ActiveCfg = Release|Any CPU
		{678B079E-C4E8-48FA-9BF3-3FAA53C29ACA}.Release|Any CPU.Build.0 = Release|Any CPU
		{7C913CD0-A8A7-4513-B305-4058A77B7051}.Debug|Any CPU.ActiveCfg = Debug|Any CPU
		{7C913CD0-A8A7-4513-B305-4058A77B7051}.Debug|Any CPU.Build.0 = Debug|Any CPU
		{7C913CD0-A8A7-4513-B305-4058A77B7051}.Release|Any CPU.ActiveCfg = Release|Any CPU
		{7C913CD0-A8A7-4513-B305-4058A77B7051}.Release|Any CPU.Build.0 = Release|Any CPU
	EndGlobalSection
	GlobalSection(SolutionProperties) = preSolution
		HideSolutionNode = FALSE
	EndGlobalSection
	GlobalSection(ExtensibilityGlobals) = postSolution
		SolutionGuid = {A54DB135-B2BA-48C6-862D-57C7856DDAEF}
	EndGlobalSection
EndGlobal
